{
  "nodes": {
    "home-manager": {
      "inputs": {
        "nixpkgs": [
          "nixpkgs"
        ]
      },
      "locked": {
        "lastModified": 1746798521,
        "narHash": "sha256-axfz/jBEH9XHpS7YSumstV7b2PrPf7L8bhWUtLBv3nA=",
        "owner": "nix-community",
        "repo": "home-manager",
        "rev": "e95a7c5b6fa93304cd2fd78cf676c4f6d23c422c",
        "type": "github"
      },
      "original": {
        "owner": "nix-community",
        "repo": "home-manager",
        "type": "github"
      }
    },
    "nixpkgs": {
      "locked": {
        "lastModified": 1746663147,
        "narHash": "sha256-Ua0drDHawlzNqJnclTJGf87dBmaO/tn7iZ+TCkTRpRc=",
        "owner": "nixos",
        "repo": "nixpkgs",
        "rev": "dda3dcd3fe03e991015e9a74b22d35950f264a54",
        "type": "github"
      },
      "original": {
        "owner": "nixos",
        "ref": "nixos-unstable",
        "repo": "nixpkgs",
        "type": "github"
      }
    },
    "quadlet-nix": {
      "inputs": {
        "nixpkgs": [
          "nixpkgs"
        ]
      },
      "locked": {
        "lastModified": 1746457417,
        "narHash": "sha256-Eno9poUcLhWfMvs4H9Eb8JnXT5LFVhQ6G3UiEb0iKoA=",
        "owner": "SEIAROTg",
        "repo": "quadlet-nix",
        "rev": "11315f2c85e7ef9022115ce73386852e60de2c11",
        "type": "github"
      },
      "original": {
        "owner": "SEIAROTg",
        "repo": "quadlet-nix",
        "type": "github"
      }
    },
    "root": {
      "inputs": {
        "home-manager": "home-manager",
        "nixpkgs": "nixpkgs",
        "quadlet-nix": "quadlet-nix"
      }
    }
  },
  "root": "root",
  "version": 7
}
